{
  "name": "deno-in-npm-dependent",
  "version": "1.0.1",
  "lockfileVersion": 3,
  "requires": true,
  "packages": {
    "": {
      "name": "deno-in-npm-dependent",
      "version": "1.0.1",
      "license": "ISC",
      "dependencies": {
        "deno-in-npm-base": "1.0.2"
      }
    },
    "node_modules/@std/encoding": {
      "name": "@jsr/std__encoding",
      "version": "1.0.5",
      "resolved": "https://npm.jsr.io/~/11/@jsr/std__encoding/1.0.5.tgz",
      "integrity": "sha512-blLadT0G3SiwsneatWsUwH5s+Sb+zSsQCgtHZlT+nQkoFci2OiErHx4XqdoFcwuz3IH6wOdPZqjhcSrbNS0jqA=="
    },
    "node_modules/deno-in-npm-base": {
      "version": "1.0.2",
      "resolved": "https://registry.npmjs.org/deno-in-npm-base/-/deno-in-npm-base-1.0.2.tgz",
      "integrity": "sha512-o1QCbtvhVs8O+tKH/AlSRkn+gIn0Hi9meJy2ps+FqyIIh45Hd3e/tImFgDOW2ZRPZZBOrXeuc8VHyVy84a2XSg==",
      "license": "ISC",
      "dependencies": {
        "@std/encoding": "npm:@jsr/std__encoding"
      }
    }
  }
}
