{
  "name": "deno-in-npm-base",
  "version": "1.0.2",
  "lockfileVersion": 3,
  "requires": true,
  "packages": {
    "": {
      "name": "deno-in-npm-base",
      "version": "1.0.2",
      "license": "ISC",
      "dependencies": {
        "@std/encoding": "npm:@jsr/std__encoding"
      }
    },
    "node_modules/@std/encoding": {
      "name": "@jsr/std__encoding",
      "version": "1.0.5",
      "resolved": "https://npm.jsr.io/~/11/@jsr/std__encoding/1.0.5.tgz",
      "integrity": "sha512-blLadT0G3SiwsneatWsUwH5s+Sb+zSsQCgtHZlT+nQkoFci2OiErHx4XqdoFcwuz3IH6wOdPZqjhcSrbNS0jqA=="
    }
  }
}
